
Microsoft Visual Studio Solution File, Format Version 12.00
# Visual Studio Version 16
VisualStudioVersion = 16.0.31112.23
MinimumVisualStudioVersion = 10.0.40219.1
Project("{8BC9CEB8-8B4A-11D0-8D11-00A0C91BC942}") = "path_tracing_denoise", "path_tracing_denoise.vcxproj", "{D6EC06FF-51C9-4B7F-B380-CAE6C209F038}"
EndProject
Global
	GlobalSection(SolutionConfigurationPlatforms) = preSolution
		Debug|x64 = Debug|x64
		Debug|x86 = Debug|x86
		Release|x64 = Release|x64
		Release|x86 = Release|x86
	EndGlobalSection
	GlobalSection(ProjectConfigurationPlatforms) = postSolution
		{D6EC06FF-51C9-4B7F-B380-CAE6C209F038}.Debug|x64.ActiveCfg = Debug|x64
		{D6EC06FF-51C9-4B7F-B380-CAE6C209F038}.Debug|x64.Build.0 = Debug|x64
		{D6EC06FF-51C9-4B7F-B380-CAE6C209F038}.Debug|x86.ActiveCfg = Debug|Win32
		{D6EC06FF-51C9-4B7F-B380-CAE6C209F038}.Debug|x86.Build.0 = Debug|Win32
		{D6EC06FF-51C9-4B7F-B380-CAE6C209F038}.Release|x64.ActiveCfg = Release|x64
		{D6EC06FF-51C9-4B7F-B380-CAE6C209F038}.Release|x64.Build.0 = Release|x64
		{D6EC06FF-51C9-4B7F-B380-CAE6C209F038}.Release|x86.ActiveCfg = Release|Win32
		{D6EC06FF-51C9-4B7F-B380-CAE6C209F038}.Release|x86.Build.0 = Release|Win32
	EndGlobalSection
	GlobalSection(SolutionProperties) = preSolution
		HideSolutionNode = FALSE
	EndGlobalSection
	GlobalSection(ExtensibilityGlobals) = postSolution
		SolutionGuid = {E1EE0053-20BE-4B16-B36B-0AD78F17247F}
	EndGlobalSection
EndGlobal
